
Microsoft Visual Studio Solution File, Format Version 12.00
# Visual Studio Version 17
VisualStudioVersion = 17.9.34902.65
MinimumVisualStudioVersion = 10.0.40219.1
Project("{9A19103F-16F7-4668-BE54-9A1E7A4F7556}") = "SheetsApp", "SheetsApp\SheetsApp.csproj", "{DDE607A5-B520-4C40-8DAA-638897EAE08A}"
EndProject
Project("{FAE04EC0-301F-11D3-BF4B-00C04F79EFBC}") = "TestSheetsApp", "TestSheetsApp\TestSheetsApp.csproj", "{B56AA7F4-8F6E-46A7-9BCF-FE9DCE874CE7}"
EndProject
Global
	GlobalSection(SolutionConfigurationPlatforms) = preSolution
		Debug|Any CPU = Debug|Any CPU
		Release|Any CPU = Release|Any CPU
	EndGlobalSection
	GlobalSection(ProjectConfigurationPlatforms) = postSolution
		{DDE607A5-B520-4C40-8DAA-638897EAE08A}.Debug|Any CPU.ActiveCfg = Debug|Any CPU
		{DDE607A5-B520-4C40-8DAA-638897EAE08A}.Debug|Any CPU.Build.0 = Debug|Any CPU
		{DDE607A5-B520-4C40-8DAA-638897EAE08A}.Debug|Any CPU.Deploy.0 = Debug|Any CPU
		{DDE607A5-B520-4C40-8DAA-638897EAE08A}.Release|Any CPU.ActiveCfg = Release|Any CPU
		{DDE607A5-B520-4C40-8DAA-638897EAE08A}.Release|Any CPU.Build.0 = Release|Any CPU
		{DDE607A5-B520-4C40-8DAA-638897EAE08A}.Release|Any CPU.Deploy.0 = Release|Any CPU
		{B56AA7F4-8F6E-46A7-9BCF-FE9DCE874CE7}.Debug|Any CPU.ActiveCfg = Debug|Any CPU
		{B56AA7F4-8F6E-46A7-9BCF-FE9DCE874CE7}.Debug|Any CPU.Build.0 = Debug|Any CPU
		{B56AA7F4-8F6E-46A7-9BCF-FE9DCE874CE7}.Release|Any CPU.ActiveCfg = Release|Any CPU
		{B56AA7F4-8F6E-46A7-9BCF-FE9DCE874CE7}.Release|Any CPU.Build.0 = Release|Any CPU
	EndGlobalSection
	GlobalSection(SolutionProperties) = preSolution
		HideSolutionNode = FALSE
	EndGlobalSection
	GlobalSection(ExtensibilityGlobals) = postSolution
		SolutionGuid = {89A8F9EE-C340-4176-BBF7-F2168A66ED5F}
	EndGlobalSection
EndGlobal
